
Microsoft Visual Studio Solution File, Format Version 12.00
# Visual Studio Version 17
VisualStudioVersion = 17.0.31611.283
MinimumVisualStudioVersion = 10.0.40219.1
Project("{9A19103F-16F7-4668-BE54-9A1E7A4F7556}") = "Weather", "Weather\Weather.csproj", "{4FD932FE-C4DB-4215-9A03-13964D67B4C3}"
EndProject
Project("{2150E333-8FDC-42A3-9474-1A3956D46DE8}") = "Server", "Server", "{4A1B03F3-0FAA-4AD7-9541-378A2381E05C}"
EndProject
Project("{FAE04EC0-301F-11D3-BF4B-00C04F79EFBC}") = "TestServer", "TestServer\TestServer.csproj", "{59770EC2-0B7C-43BF-A1B1-3DCBE62559B0}"
EndProject
Project("{FAE04EC0-301F-11D3-BF4B-00C04F79EFBC}") = "Downloader", "Downloader\Downloader.csproj", "{658C096A-100B-4091-93D0-FE54A0DFDF43}"
EndProject
Global
	GlobalSection(SolutionConfigurationPlatforms) = preSolution
		Debug|Any CPU = Debug|Any CPU
		Release|Any CPU = Release|Any CPU
	EndGlobalSection
	GlobalSection(ProjectConfigurationPlatforms) = postSolution
		{4FD932FE-C4DB-4215-9A03-13964D67B4C3}.Debug|Any CPU.ActiveCfg = Debug|Any CPU
		{4FD932FE-C4DB-4215-9A03-13964D67B4C3}.Debug|Any CPU.Build.0 = Debug|Any CPU
		{4FD932FE-C4DB-4215-9A03-13964D67B4C3}.Debug|Any CPU.Deploy.0 = Debug|Any CPU
		{4FD932FE-C4DB-4215-9A03-13964D67B4C3}.Release|Any CPU.ActiveCfg = Release|Any CPU
		{4FD932FE-C4DB-4215-9A03-13964D67B4C3}.Release|Any CPU.Build.0 = Release|Any CPU
		{4FD932FE-C4DB-4215-9A03-13964D67B4C3}.Release|Any CPU.Deploy.0 = Release|Any CPU
		{59770EC2-0B7C-43BF-A1B1-3DCBE62559B0}.Debug|Any CPU.ActiveCfg = Debug|Any CPU
		{59770EC2-0B7C-43BF-A1B1-3DCBE62559B0}.Debug|Any CPU.Build.0 = Debug|Any CPU
		{59770EC2-0B7C-43BF-A1B1-3DCBE62559B0}.Release|Any CPU.ActiveCfg = Release|Any CPU
		{59770EC2-0B7C-43BF-A1B1-3DCBE62559B0}.Release|Any CPU.Build.0 = Release|Any CPU
		{658C096A-100B-4091-93D0-FE54A0DFDF43}.Debug|Any CPU.ActiveCfg = Debug|Any CPU
		{658C096A-100B-4091-93D0-FE54A0DFDF43}.Debug|Any CPU.Build.0 = Debug|Any CPU
		{658C096A-100B-4091-93D0-FE54A0DFDF43}.Release|Any CPU.ActiveCfg = Release|Any CPU
		{658C096A-100B-4091-93D0-FE54A0DFDF43}.Release|Any CPU.Build.0 = Release|Any CPU
	EndGlobalSection
	GlobalSection(SolutionProperties) = preSolution
		HideSolutionNode = FALSE
	EndGlobalSection
	GlobalSection(NestedProjects) = preSolution
		{59770EC2-0B7C-43BF-A1B1-3DCBE62559B0} = {4A1B03F3-0FAA-4AD7-9541-378A2381E05C}
		{658C096A-100B-4091-93D0-FE54A0DFDF43} = {4A1B03F3-0FAA-4AD7-9541-378A2381E05C}
	EndGlobalSection
	GlobalSection(ExtensibilityGlobals) = postSolution
		SolutionGuid = {61F7FB11-1E47-470C-91E2-47F8143E1572}
	EndGlobalSection
EndGlobal
