
Microsoft Visual Studio Solution File, Format Version 12.00
# Visual Studio Version 17
VisualStudioVersion = 17.0.31611.283
MinimumVisualStudioVersion = 10.0.40219.1
Project("{9A19103F-16F7-4668-BE54-9A1E7A4F7556}") = "Weather", "Weather\Weather.csproj", "{4FD932FE-C4DB-4215-9A03-13964D67B4C3}"
EndProject
Project("{2150E333-8FDC-42A3-9474-1A3956D46DE8}") = "Server", "Server", "{6A461704-AF01-4BF3-AD24-93E1C798EA45}"
EndProject
Project("{FAE04EC0-301F-11D3-BF4B-00C04F79EFBC}") = "Server.DatabaseProvider", "Server.DatabaseProvider\Server.DatabaseProvider.csproj", "{73CADD3A-BBBB-4736-9AAC-800B3DA65889}"
EndProject
Project("{FAE04EC0-301F-11D3-BF4B-00C04F79EFBC}") = "Server.Provider", "Server.Provider\Server.Provider.csproj", "{909E7890-AA69-49FB-9FD6-59CAB14D1FA3}"
EndProject
Project("{FAE04EC0-301F-11D3-BF4B-00C04F79EFBC}") = "Server.DownloadersProvider", "Server.DownloadersProvider\Server.DownloadersProvider.csproj", "{40D9027D-25F1-41A9-B10C-F1EE18078EE0}"
EndProject
Global
	GlobalSection(SolutionConfigurationPlatforms) = preSolution
		Debug|Any CPU = Debug|Any CPU
		Release|Any CPU = Release|Any CPU
	EndGlobalSection
	GlobalSection(ProjectConfigurationPlatforms) = postSolution
		{4FD932FE-C4DB-4215-9A03-13964D67B4C3}.Debug|Any CPU.ActiveCfg = Debug|Any CPU
		{4FD932FE-C4DB-4215-9A03-13964D67B4C3}.Debug|Any CPU.Build.0 = Debug|Any CPU
		{4FD932FE-C4DB-4215-9A03-13964D67B4C3}.Debug|Any CPU.Deploy.0 = Debug|Any CPU
		{4FD932FE-C4DB-4215-9A03-13964D67B4C3}.Release|Any CPU.ActiveCfg = Release|Any CPU
		{4FD932FE-C4DB-4215-9A03-13964D67B4C3}.Release|Any CPU.Build.0 = Release|Any CPU
		{4FD932FE-C4DB-4215-9A03-13964D67B4C3}.Release|Any CPU.Deploy.0 = Release|Any CPU
		{73CADD3A-BBBB-4736-9AAC-800B3DA65889}.Debug|Any CPU.ActiveCfg = Debug|Any CPU
		{73CADD3A-BBBB-4736-9AAC-800B3DA65889}.Debug|Any CPU.Build.0 = Debug|Any CPU
		{73CADD3A-BBBB-4736-9AAC-800B3DA65889}.Release|Any CPU.ActiveCfg = Release|Any CPU
		{73CADD3A-BBBB-4736-9AAC-800B3DA65889}.Release|Any CPU.Build.0 = Release|Any CPU
		{909E7890-AA69-49FB-9FD6-59CAB14D1FA3}.Debug|Any CPU.ActiveCfg = Debug|Any CPU
		{909E7890-AA69-49FB-9FD6-59CAB14D1FA3}.Debug|Any CPU.Build.0 = Debug|Any CPU
		{909E7890-AA69-49FB-9FD6-59CAB14D1FA3}.Release|Any CPU.ActiveCfg = Release|Any CPU
		{909E7890-AA69-49FB-9FD6-59CAB14D1FA3}.Release|Any CPU.Build.0 = Release|Any CPU
		{40D9027D-25F1-41A9-B10C-F1EE18078EE0}.Debug|Any CPU.ActiveCfg = Debug|Any CPU
		{40D9027D-25F1-41A9-B10C-F1EE18078EE0}.Debug|Any CPU.Build.0 = Debug|Any CPU
		{40D9027D-25F1-41A9-B10C-F1EE18078EE0}.Release|Any CPU.ActiveCfg = Release|Any CPU
		{40D9027D-25F1-41A9-B10C-F1EE18078EE0}.Release|Any CPU.Build.0 = Release|Any CPU
	EndGlobalSection
	GlobalSection(SolutionProperties) = preSolution
		HideSolutionNode = FALSE
	EndGlobalSection
	GlobalSection(NestedProjects) = preSolution
		{73CADD3A-BBBB-4736-9AAC-800B3DA65889} = {6A461704-AF01-4BF3-AD24-93E1C798EA45}
		{909E7890-AA69-49FB-9FD6-59CAB14D1FA3} = {6A461704-AF01-4BF3-AD24-93E1C798EA45}
		{40D9027D-25F1-41A9-B10C-F1EE18078EE0} = {6A461704-AF01-4BF3-AD24-93E1C798EA45}
	EndGlobalSection
	GlobalSection(ExtensibilityGlobals) = postSolution
		SolutionGuid = {61F7FB11-1E47-470C-91E2-47F8143E1572}
	EndGlobalSection
EndGlobal
